
Microsoft Visual Studio Solution File, Format Version 12.00
# Visual Studio 14
VisualStudioVersion = 14.0.25420.1
MinimumVisualStudioVersion = 10.0.40219.1
Project("{00D1A9C2-B5F0-4AF3-8072-F6C62B433612}") = "MyBlog.DB", "MyBlog.DB\MyBlog.DB.sqlproj", "{34A9557A-7B36-4190-B07A-8A34F10B7758}"
EndProject
Project("{FAE04EC0-301F-11D3-BF4B-00C04F79EFBC}") = "MyBlog.EntityFramework", "MyBlog.EntityFramework\MyBlog.EntityFramework.csproj", "{57790751-1DC1-423D-AEA4-009EF539C0CC}"
EndProject
Project("{FAE04EC0-301F-11D3-BF4B-00C04F79EFBC}") = "MyBlog.Web", "MyBlog.Web\MyBlog.Web.csproj", "{28EE847A-FC99-4D95-8E77-802813645E80}"
EndProject
Project("{FAE04EC0-301F-11D3-BF4B-00C04F79EFBC}") = "MyBlog.Tests", "MyBlog.Tests\MyBlog.Tests.csproj", "{25533EB7-70A3-4BCE-BF64-5E46FD6725C5}"
EndProject
Global
	GlobalSection(SolutionConfigurationPlatforms) = preSolution
		Debug|Any CPU = Debug|Any CPU
		Release|Any CPU = Release|Any CPU
	EndGlobalSection
	GlobalSection(ProjectConfigurationPlatforms) = postSolution
		{34A9557A-7B36-4190-B07A-8A34F10B7758}.Debug|Any CPU.ActiveCfg = Debug|Any CPU
		{34A9557A-7B36-4190-B07A-8A34F10B7758}.Debug|Any CPU.Build.0 = Debug|Any CPU
		{34A9557A-7B36-4190-B07A-8A34F10B7758}.Debug|Any CPU.Deploy.0 = Debug|Any CPU
		{34A9557A-7B36-4190-B07A-8A34F10B7758}.Release|Any CPU.ActiveCfg = Release|Any CPU
		{34A9557A-7B36-4190-B07A-8A34F10B7758}.Release|Any CPU.Build.0 = Release|Any CPU
		{34A9557A-7B36-4190-B07A-8A34F10B7758}.Release|Any CPU.Deploy.0 = Release|Any CPU
		{57790751-1DC1-423D-AEA4-009EF539C0CC}.Debug|Any CPU.ActiveCfg = Debug|Any CPU
		{57790751-1DC1-423D-AEA4-009EF539C0CC}.Debug|Any CPU.Build.0 = Debug|Any CPU
		{57790751-1DC1-423D-AEA4-009EF539C0CC}.Release|Any CPU.ActiveCfg = Release|Any CPU
		{57790751-1DC1-423D-AEA4-009EF539C0CC}.Release|Any CPU.Build.0 = Release|Any CPU
		{28EE847A-FC99-4D95-8E77-802813645E80}.Debug|Any CPU.ActiveCfg = Debug|Any CPU
		{28EE847A-FC99-4D95-8E77-802813645E80}.Debug|Any CPU.Build.0 = Debug|Any CPU
		{28EE847A-FC99-4D95-8E77-802813645E80}.Release|Any CPU.ActiveCfg = Release|Any CPU
		{28EE847A-FC99-4D95-8E77-802813645E80}.Release|Any CPU.Build.0 = Release|Any CPU
		{25533EB7-70A3-4BCE-BF64-5E46FD6725C5}.Debug|Any CPU.ActiveCfg = Debug|Any CPU
		{25533EB7-70A3-4BCE-BF64-5E46FD6725C5}.Debug|Any CPU.Build.0 = Debug|Any CPU
		{25533EB7-70A3-4BCE-BF64-5E46FD6725C5}.Release|Any CPU.ActiveCfg = Release|Any CPU
		{25533EB7-70A3-4BCE-BF64-5E46FD6725C5}.Release|Any CPU.Build.0 = Release|Any CPU
	EndGlobalSection
	GlobalSection(SolutionProperties) = preSolution
		HideSolutionNode = FALSE
	EndGlobalSection
EndGlobal
